
Microsoft Visual Studio Solution File, Format Version 12.00
# Visual Studio 15
Project("{FAE04EC0-301F-11D3-BF4B-00C04F79EFBC}") = "web", "web\web.csproj", "{878DD6FA-3E6B-4E13-9483-9322C0089914}"
EndProject
Project("{FAE04EC0-301F-11D3-BF4B-00C04F79EFBC}") = "api", "api\api.csproj", "{5C59B8E0-6A5D-4E40-9B77-7E1D922E8E79}"
EndProject
Project("{FAE04EC0-301F-11D3-BF4B-00C04F79EFBC}") = "console-one", "console-one\console-one.csproj", "{9FAF8503-2974-41E9-87AF-BE90CC79C9A7}"
EndProject
Project("{FAE04EC0-301F-11D3-BF4B-00C04F79EFBC}") = "console-two", "console-two\console-two.csproj", "{2D497D20-370C-4CC3-9AB9-83EAED7CBD92}"
EndProject
Global
	GlobalSection(SolutionConfigurationPlatforms) = preSolution
		Debug|Any CPU = Debug|Any CPU
		Release|Any CPU = Release|Any CPU
	EndGlobalSection
	GlobalSection(ProjectConfigurationPlatforms) = postSolution
		{878DD6FA-3E6B-4E13-9483-9322C0089914}.Debug|Any CPU.ActiveCfg = Debug|Any CPU
		{878DD6FA-3E6B-4E13-9483-9322C0089914}.Debug|Any CPU.Build.0 = Debug|Any CPU
		{878DD6FA-3E6B-4E13-9483-9322C0089914}.Release|Any CPU.ActiveCfg = Release|Any CPU
		{878DD6FA-3E6B-4E13-9483-9322C0089914}.Release|Any CPU.Build.0 = Release|Any CPU
		{5C59B8E0-6A5D-4E40-9B77-7E1D922E8E79}.Debug|Any CPU.ActiveCfg = Debug|Any CPU
		{5C59B8E0-6A5D-4E40-9B77-7E1D922E8E79}.Debug|Any CPU.Build.0 = Debug|Any CPU
		{5C59B8E0-6A5D-4E40-9B77-7E1D922E8E79}.Release|Any CPU.ActiveCfg = Release|Any CPU
		{5C59B8E0-6A5D-4E40-9B77-7E1D922E8E79}.Release|Any CPU.Build.0 = Release|Any CPU
		{9FAF8503-2974-41E9-87AF-BE90CC79C9A7}.Debug|Any CPU.ActiveCfg = Debug|Any CPU
		{9FAF8503-2974-41E9-87AF-BE90CC79C9A7}.Debug|Any CPU.Build.0 = Debug|Any CPU
		{9FAF8503-2974-41E9-87AF-BE90CC79C9A7}.Release|Any CPU.ActiveCfg = Release|Any CPU
		{9FAF8503-2974-41E9-87AF-BE90CC79C9A7}.Release|Any CPU.Build.0 = Release|Any CPU
		{2D497D20-370C-4CC3-9AB9-83EAED7CBD92}.Debug|Any CPU.ActiveCfg = Debug|Any CPU
		{2D497D20-370C-4CC3-9AB9-83EAED7CBD92}.Debug|Any CPU.Build.0 = Debug|Any CPU
		{2D497D20-370C-4CC3-9AB9-83EAED7CBD92}.Release|Any CPU.ActiveCfg = Release|Any CPU
		{2D497D20-370C-4CC3-9AB9-83EAED7CBD92}.Release|Any CPU.Build.0 = Release|Any CPU
	EndGlobalSection
	GlobalSection(NestedProjects) = preSolution
	EndGlobalSection
EndGlobal
